{
  "name": "connector-scope-audit-skill",
  "version": "0.1.0",
  "lockfileVersion": 3,
  "requires": true,
  "packages": {
    "": {
      "name": "connector-scope-audit-skill",
      "version": "0.1.0",
      "license": "MIT",
      "bin": {
        "connector-scope-audit": "bin/connector-scope-audit.js"
      },
      "engines": {
        "node": ">=20"
      }
    }
  }
}
